#!/bin/bash
# Generated by vim-plug
# Tue Oct 28 18:35:38 2014

vim +PlugUpdate +qa

PLUG_HOME=~/.vim/plugged

cd $PLUG_HOME/base16-vim/ && git reset --hard ccf5c9a
cd $PLUG_HOME/delimitMate/ && git reset --hard 38487bb
cd $PLUG_HOME/nerdtree/ && git reset --hard 4f1e6ec
cd $PLUG_HOME/supertab/ && git reset --hard fd4e0d0
cd $PLUG_HOME/tabular/ && git reset --hard 60f2564
cd $PLUG_HOME/ultisnips-snippets/ && git reset --hard 96fa012
cd $PLUG_HOME/ultisnips/ && git reset --hard 1ad9703
cd $PLUG_HOME/vim-bufflist/ && git reset --hard c376849
cd $PLUG_HOME/vim-commenter/ && git reset --hard 8570081
cd $PLUG_HOME/vim-easymotion/ && git reset --hard 868cd71
cd $PLUG_HOME/vim-filelist/ && git reset --hard 8049159
cd $PLUG_HOME/vim-javascript/ && git reset --hard f8122fd
cd $PLUG_HOME/vim-ps1/ && git reset --hard 2c241d1
cd $PLUG_HOME/vim-solarized/ && git reset --hard 0adf5f8
cd $PLUG_HOME/vim-surround/ && git reset --hard fa433e0

