" Generated by vim-plug
" Thu Oct 13 14:49:12 2016
" :source this file in vim to restore the snapshot
" or execute: vim -S snapshot.vim

silent! let g:plugs['base16-vim'].commit = '6219224'
silent! let g:plugs['lightline.vim'].commit = '5b8e084'
silent! let g:plugs['supertab'].commit = '6651177'
silent! let g:plugs['ultisnips'].commit = '97a2804'
silent! let g:plugs['ultisnips-snippets'].commit = '96fa012'
silent! let g:plugs['undotree'].commit = '17dfeb6'
silent! let g:plugs['vim-coffee-script'].commit = 'b91dbe9'
silent! let g:plugs['vim-commenter'].commit = '790430d'
silent! let g:plugs['vim-easy-align'].commit = '0cb6b98'
silent! let g:plugs['vim-easymotion'].commit = '5c6f3cd'
silent! let g:plugs['vim-filelist'].commit = '3dde346'
silent! let g:plugs['vim-fswitch'].commit = 'e716da1'
silent! let g:plugs['vim-fugitive'].commit = 'aac85a2'
silent! let g:plugs['vim-go'].commit = '1f8e10c'
silent! let g:plugs['vim-javascript'].commit = 'd736e95'
silent! let g:plugs['vim-jsx'].commit = 'eb656ed'
silent! let g:plugs['vim-ps1'].commit = 'ff39e39'
silent! let g:plugs['vim-puppet'].commit = 'd881b93'
silent! let g:plugs['vim-signify'].commit = 'a7e3219'
silent! let g:plugs['vim-surround'].commit = 'e49d6c2'

PlugUpdate!

