" Generated by vim-plug
" Fri Jan  8 11:21:10 2016
" :source this file in vim to restore the snapshot
" or execute: vim -S snapshot.vim

silent! let g:plugs['base16-vim'].commit = '6219224'
silent! let g:plugs['gitv'].commit = 'e10a896'
silent! let g:plugs['lightline.vim'].commit = '748f83a'
silent! let g:plugs['supertab'].commit = '9f7da6d'
silent! let g:plugs['ultisnips'].commit = 'dbd43ad'
silent! let g:plugs['ultisnips-snippets'].commit = '96fa012'
silent! let g:plugs['vim-coffee-script'].commit = '32fe889'
silent! let g:plugs['vim-commenter'].commit = '790430d'
silent! let g:plugs['vim-easy-align'].commit = '7cb559e'
silent! let g:plugs['vim-easymotion'].commit = '39abbf3'
silent! let g:plugs['vim-filelist'].commit = '8049159'
silent! let g:plugs['vim-fswitch'].commit = 'e716da1'
silent! let g:plugs['vim-fugitive'].commit = '18d6d1a'
silent! let g:plugs['vim-javascript'].commit = '1d8c267'
silent! let g:plugs['vim-ps1'].commit = '2c241d1'
silent! let g:plugs['vim-signify'].commit = 'e134c15'
silent! let g:plugs['vim-surround'].commit = '2d05440'

PlugUpdate!

