#!/bin/sh
# Generated by vim-plug
# Wed Dec  2 11:05:09 2015

vim +PlugUpdate +qa

PLUG_HOME=/Users/jared/.cache/vim/plugged

cd $PLUG_HOME/base16-vim/ && git reset --hard 6219224
cd $PLUG_HOME/gitv/ && git reset --hard e10a896
cd $PLUG_HOME/lightline.vim/ && git reset --hard 748f83a
cd $PLUG_HOME/supertab/ && git reset --hard 9f7da6d
cd $PLUG_HOME/ultisnips-snippets/ && git reset --hard 96fa012
cd $PLUG_HOME/ultisnips/ && git reset --hard c5a21c5
cd $PLUG_HOME/vim-coffee-script/ && git reset --hard 32fe889
cd $PLUG_HOME/vim-commenter/ && git reset --hard 790430d
cd $PLUG_HOME/vim-easy-align/ && git reset --hard 7cb559e
cd $PLUG_HOME/vim-easymotion/ && git reset --hard a21d447
cd $PLUG_HOME/vim-filelist/ && git reset --hard 8049159
cd $PLUG_HOME/vim-fswitch/ && git reset --hard e716da1
cd $PLUG_HOME/vim-fugitive/ && git reset --hard d854197
cd $PLUG_HOME/vim-javascript/ && git reset --hard 1d8c267
cd $PLUG_HOME/vim-ps1/ && git reset --hard 2c241d1
cd $PLUG_HOME/vim-signify/ && git reset --hard 6333c7f
cd $PLUG_HOME/vim-surround/ && git reset --hard 2d05440

